
Microsoft Visual Studio Solution File, Format Version 12.00
# Visual Studio Version 17
VisualStudioVersion = 17.14.36401.2 d17.14
MinimumVisualStudioVersion = 10.0.40219.1
Project("{FAE04EC0-301F-11D3-BF4B-00C04F79EFBC}") = "AtividadeCalculadora", "AtividadeCalculadora\AtividadeCalculadora.csproj", "{835EAC3C-3D48-47F4-9A56-C67684514303}"
EndProject
Global
	GlobalSection(SolutionConfigurationPlatforms) = preSolution
		Debug|Any CPU = Debug|Any CPU
		Release|Any CPU = Release|Any CPU
	EndGlobalSection
	GlobalSection(ProjectConfigurationPlatforms) = postSolution
		{835EAC3C-3D48-47F4-9A56-C67684514303}.Debug|Any CPU.ActiveCfg = Debug|Any CPU
		{835EAC3C-3D48-47F4-9A56-C67684514303}.Debug|Any CPU.Build.0 = Debug|Any CPU
		{835EAC3C-3D48-47F4-9A56-C67684514303}.Release|Any CPU.ActiveCfg = Release|Any CPU
		{835EAC3C-3D48-47F4-9A56-C67684514303}.Release|Any CPU.Build.0 = Release|Any CPU
	EndGlobalSection
	GlobalSection(SolutionProperties) = preSolution
		HideSolutionNode = FALSE
	EndGlobalSection
	GlobalSection(ExtensibilityGlobals) = postSolution
		SolutionGuid = {178BC144-CF74-4863-8023-2241A08E51E4}
	EndGlobalSection
EndGlobal
